{
  "name": "engine-1",
  "version": "1.0.0",
  "lockfileVersion": 2,
  "requires": true,
  "packages": {
    "": {
      "name": "engine-1",
      "version": "1.0.0",
      "dependencies": {
        "@wonderlandengine/8thwall-tracking": "file:../..",
        "@wonderlandengine/api": "^1.0.0-rc.5",
        "@wonderlandengine/components": "^1.0.0-rc.6",
        "gl-matrix": "^3.4.3"
      }
    },
    "../..": {
      "name": "@wonderlandengine/8thwall-tracking",
      "version": "1.0.0",
      "dependencies": {
        "@wonderlandengine/api": "^1.0.0-rc.5",
        "gl-matrix": "^3.4.3",
        "qrcode-svg": "^1.1.0"
      },
      "devDependencies": {
        "@types/qrcode-svg": "^1.1.1",
        "prettier": "^2.8.4",
        "typescript": "^4.9.5"
      }
    },
    "node_modules/@types/webxr": {
      "version": "0.5.1",
      "license": "MIT"
    },
    "node_modules/@wonderlandengine/8thwall-tracking": {
      "resolved": "../..",
      "link": true
    },
    "node_modules/@wonderlandengine/api": {
      "version": "1.0.0-rc.5",
      "license": "MIT",
      "dependencies": {
        "@types/webxr": "^0.5.0",
        "wasm-feature-detect": "^1.3.0"
      }
    },
    "node_modules/@wonderlandengine/components": {
      "version": "1.0.0-rc.6",
      "license": "MIT",
      "dependencies": {
        "@types/webxr": "^0.5.0",
        "@wonderlandengine/api": "^1.0.0-rc.5",
        "gl-matrix": "^3.3.0",
        "howler": "^2.2.1"
      }
    },
    "node_modules/gl-matrix": {
      "version": "3.4.3",
      "license": "MIT"
    },
    "node_modules/howler": {
      "version": "2.2.3",
      "license": "MIT"
    },
    "node_modules/wasm-feature-detect": {
      "version": "1.5.1",
      "license": "Apache-2.0"
    }
  },
  "dependencies": {
    "@types/webxr": {
      "version": "0.5.1"
    },
    "@wonderlandengine/8thwall-tracking": {
      "version": "file:../..",
      "requires": {
        "@types/qrcode-svg": "^1.1.1",
        "@wonderlandengine/api": "^1.0.0-rc.5",
        "gl-matrix": "^3.4.3",
        "prettier": "^2.8.4",
        "qrcode-svg": "^1.1.0",
        "typescript": "^4.9.5"
      }
    },
    "@wonderlandengine/api": {
      "version": "1.0.0-rc.5",
      "requires": {
        "@types/webxr": "^0.5.0",
        "wasm-feature-detect": "^1.3.0"
      }
    },
    "@wonderlandengine/components": {
      "version": "1.0.0-rc.6",
      "requires": {
        "@types/webxr": "^0.5.0",
        "@wonderlandengine/api": "^1.0.0-rc.5",
        "gl-matrix": "^3.3.0",
        "howler": "^2.2.1"
      }
    },
    "gl-matrix": {
      "version": "3.4.3"
    },
    "howler": {
      "version": "2.2.3"
    },
    "wasm-feature-detect": {
      "version": "1.5.1"
    }
  }
}
