{
    "name": "wonderland-ar-tracking",
    "lockfileVersion": 3,
    "requires": true,
    "packages": {
        "": {
            "name": "wonderland-ar-tracking",
            "workspaces": [
                "packages/*"
            ],
            "dependencies": {
                "@wonderlandengine/api": "file:../wonderland-engine/js/api/packages/api"
            },
            "devDependencies": {
                "@wonderlandengine/prettier-config": "^1.0.0",
                "prettier": "^3.5.3"
            }
        },
        "../wonderland-engine/js/api/packages/api": {
            "name": "@wonderlandengine/api",
            "version": "1.5.0",
            "license": "MIT",
            "dependencies": {
                "@types/webxr": "^0.5.0"
            },
            "devDependencies": {
                "esbuild": "^0.21.5",
                "typedoc": "^0.23.21",
                "typescript": "^4.9.3",
                "wasm-feature-detect": "^1.3.0"
            }
        },
        "node_modules/@types/earcut": {
            "version": "2.1.4",
            "resolved": "https://registry.npmjs.org/@types/earcut/-/earcut-2.1.4.tgz",
            "integrity": "sha512-qp3m9PPz4gULB9MhjGID7wpo3gJ4bTGXm7ltNDsmOvsPduTeHp8wSW9YckBj3mljeOh4F0m2z/0JKAALRKbmLQ==",
            "license": "MIT",
            "peer": true
        },
        "node_modules/@types/webxr": {
            "version": "0.5.23",
            "resolved": "https://registry.npmjs.org/@types/webxr/-/webxr-0.5.23.tgz",
            "integrity": "sha512-GPe4AsfOSpqWd3xA/0gwoKod13ChcfV67trvxaW2krUbgb9gxQjnCx8zGshzMl8LSHZlNH5gQ8LNScsDuc7nGQ==",
            "license": "MIT",
            "peer": true
        },
        "node_modules/@wonderlandengine/api": {
            "resolved": "../wonderland-engine/js/api/packages/api",
            "link": true
        },
        "node_modules/@wonderlandengine/ar-provider-8thwall": {
            "resolved": "packages/ar-provider-8thwall",
            "link": true
        },
        "node_modules/@wonderlandengine/ar-provider-webxr": {
            "resolved": "packages/ar-provider-webxr",
            "link": true
        },
        "node_modules/@wonderlandengine/ar-provider-zappar": {
            "resolved": "packages/ar-provider-zappar",
            "link": true
        },
        "node_modules/@wonderlandengine/ar-tracking": {
            "resolved": "packages/ar-tracking",
            "link": true
        },
        "node_modules/@wonderlandengine/components": {
            "version": "1.2.3",
            "resolved": "https://registry.npmjs.org/@wonderlandengine/components/-/components-1.2.3.tgz",
            "integrity": "sha512-O2PM3D1+fRvGpbIhVJivD6NdgYT9t6iBKAuUTuK0GNYQOWnHNCixgDZ3nijibSSgWA0X1IEr7dlRStuFJjR5Xg==",
            "license": "MIT",
            "peer": true,
            "dependencies": {
                "@types/earcut": "^2.1.1",
                "@types/webxr": "^0.5.21",
                "@wonderlandengine/spatial-audio": "^1.2.3",
                "earcut": "^2.2.4",
                "gl-matrix": "^3.3.0"
            },
            "peerDependencies": {
                "@wonderlandengine/api": "^1.1.0"
            }
        },
        "node_modules/@wonderlandengine/prettier-config": {
            "version": "1.0.0",
            "resolved": "https://registry.npmjs.org/@wonderlandengine/prettier-config/-/prettier-config-1.0.0.tgz",
            "integrity": "sha512-XTnQX9Iqr5A6DK1a1qFuEpKOhmQ9VFp9dweggSlyEVmQtDig+dv73gb0ssA/hq7B9lSp3opl8KK1jOJKzXuMEw==",
            "dev": true,
            "license": "MIT"
        },
        "node_modules/@wonderlandengine/spatial-audio": {
            "version": "1.2.4",
            "resolved": "https://registry.npmjs.org/@wonderlandengine/spatial-audio/-/spatial-audio-1.2.4.tgz",
            "integrity": "sha512-zA2t4r0H1EXP3rvAIPXadYfeuidGTP/9QFhJ0nBHdW7h5ZPqxMF/LGIp1mSH/Oi/6obkKfNnPYGgMIgfG0wFPQ==",
            "license": "MIT",
            "peer": true,
            "peerDependencies": {
                "@wonderlandengine/api": "^1.0.0",
                "@wonderlandengine/components": "^1.0.6",
                "gl-matrix": "^3.4.3"
            }
        },
        "node_modules/@zappar/zappar": {
            "version": "2.2.7",
            "resolved": "https://registry.npmjs.org/@zappar/zappar/-/zappar-2.2.7.tgz",
            "integrity": "sha512-0hq77bxZHTTLmHuNd/o0ehx8P3MkbSojSb+Xc704qz1S6pVf0sfgGKqeY1HB0jMMrOrJ79Dp+yPk+Hhw3R2oHg==",
            "license": "Proprietary",
            "dependencies": {
                "@zappar/zappar-cv": "2.1.9",
                "gl-matrix": "3.4.3"
            }
        },
        "node_modules/@zappar/zappar-cv": {
            "version": "2.1.9",
            "resolved": "https://registry.npmjs.org/@zappar/zappar-cv/-/zappar-cv-2.1.9.tgz",
            "integrity": "sha512-VkpZhMMEjiGmk33Mrp4zzGvqYyoTXN7F0nBUZ2E9oMZj29x/gpeIYmL8nCEcLSqGxub6IiYqlMOVfmI/wNbUiw==",
            "license": "Proprietary",
            "dependencies": {
                "gl-matrix": "3.4.3",
                "ua-parser-js": "1.0.33"
            }
        },
        "node_modules/@zappar/zappar-cv/node_modules/gl-matrix": {
            "version": "3.4.3",
            "resolved": "https://registry.npmjs.org/gl-matrix/-/gl-matrix-3.4.3.tgz",
            "integrity": "sha512-wcCp8vu8FT22BnvKVPjXa/ICBWRq/zjFfdofZy1WSpQZpphblv12/bOQLBC1rMM7SGOFS9ltVmKOHil5+Ml7gA==",
            "license": "MIT"
        },
        "node_modules/@zappar/zappar/node_modules/gl-matrix": {
            "version": "3.4.3",
            "resolved": "https://registry.npmjs.org/gl-matrix/-/gl-matrix-3.4.3.tgz",
            "integrity": "sha512-wcCp8vu8FT22BnvKVPjXa/ICBWRq/zjFfdofZy1WSpQZpphblv12/bOQLBC1rMM7SGOFS9ltVmKOHil5+Ml7gA==",
            "license": "MIT"
        },
        "node_modules/earcut": {
            "version": "2.2.4",
            "resolved": "https://registry.npmjs.org/earcut/-/earcut-2.2.4.tgz",
            "integrity": "sha512-/pjZsA1b4RPHbeWZQn66SWS8nZZWLQQ23oE3Eam7aroEFGEvwKAsJfZ9ytiEMycfzXWpca4FA9QIOehf7PocBQ==",
            "license": "ISC",
            "peer": true
        },
        "node_modules/gl-matrix": {
            "version": "3.4.4",
            "resolved": "https://registry.npmjs.org/gl-matrix/-/gl-matrix-3.4.4.tgz",
            "integrity": "sha512-latSnyDNt/8zYUB6VIJ6PCh2jBjJX6gnDsoCZ7LyW7GkqrD51EWwa9qCoGixj8YqBtETQK/xY7OmpTF8xz1DdQ==",
            "license": "MIT"
        },
        "node_modules/prettier": {
            "version": "3.5.3",
            "resolved": "https://registry.npmjs.org/prettier/-/prettier-3.5.3.tgz",
            "integrity": "sha512-QQtaxnoDJeAkDvDKWCLiwIXkTgRhwYDEQCghU9Z6q03iyek/rxRh/2lC3HB7P8sWT2xC/y5JDctPLBIGzHKbhw==",
            "dev": true,
            "license": "MIT",
            "bin": {
                "prettier": "bin/prettier.cjs"
            },
            "engines": {
                "node": ">=14"
            },
            "funding": {
                "url": "https://github.com/prettier/prettier?sponsor=1"
            }
        },
        "node_modules/typescript": {
            "version": "4.9.5",
            "resolved": "https://registry.npmjs.org/typescript/-/typescript-4.9.5.tgz",
            "integrity": "sha512-1FXk9E2Hm+QzZQ7z+McJiHL4NW1F2EzMu9Nq9i3zAaGqibafqYwCVU6WyWAuyQRRzOlxou8xZSyXLEN8oKj24g==",
            "dev": true,
            "license": "Apache-2.0",
            "bin": {
                "tsc": "bin/tsc",
                "tsserver": "bin/tsserver"
            },
            "engines": {
                "node": ">=4.2.0"
            }
        },
        "node_modules/ua-parser-js": {
            "version": "1.0.33",
            "resolved": "https://registry.npmjs.org/ua-parser-js/-/ua-parser-js-1.0.33.tgz",
            "integrity": "sha512-RqshF7TPTE0XLYAqmjlu5cLLuGdKrNu9O1KLA/qp39QtbZwuzwv1dT46DZSopoUMsYgXpB3Cv8a03FI8b74oFQ==",
            "funding": [
                {
                    "type": "opencollective",
                    "url": "https://opencollective.com/ua-parser-js"
                },
                {
                    "type": "paypal",
                    "url": "https://paypal.me/faisalman"
                }
            ],
            "license": "MIT",
            "engines": {
                "node": "*"
            }
        },
        "packages/ar-provider-8thwall": {
            "name": "@wonderlandengine/ar-provider-8thwall",
            "version": "1.0.2",
            "dependencies": {
                "gl-matrix": "^3.4.3",
                "qrcode-svg": "^1.1.0"
            },
            "devDependencies": {
                "@types/qrcode-svg": "^1.1.1",
                "prettier": "^2.8.4",
                "typescript": "^4.9.5"
            },
            "peerDependencies": {
                "@wonderlandengine/api": "^1.0.0",
                "@wonderlandengine/ar-tracking": "^1.0.0",
                "@wonderlandengine/components": "^1.0.0"
            }
        },
        "packages/ar-provider-8thwall/node_modules/@types/qrcode-svg": {
            "version": "1.1.1",
            "dev": true,
            "license": "MIT"
        },
        "packages/ar-provider-8thwall/node_modules/prettier": {
            "version": "2.8.8",
            "dev": true,
            "license": "MIT",
            "bin": {
                "prettier": "bin-prettier.js"
            },
            "engines": {
                "node": ">=10.13.0"
            },
            "funding": {
                "url": "https://github.com/prettier/prettier?sponsor=1"
            }
        },
        "packages/ar-provider-8thwall/node_modules/qrcode-svg": {
            "version": "1.1.0",
            "license": "MIT",
            "bin": {
                "qrcode-svg": "bin/qrcode-svg.js"
            }
        },
        "packages/ar-provider-webxr": {
            "name": "@wonderlandengine/ar-provider-webxr",
            "version": "1.0.1",
            "dependencies": {
                "gl-matrix": "^3.4.3"
            },
            "devDependencies": {
                "prettier": "^2.8.4",
                "typescript": "^4.9.5"
            },
            "peerDependencies": {
                "@wonderlandengine/api": "^1.0.0",
                "@wonderlandengine/ar-tracking": "^1.0.0",
                "@wonderlandengine/components": "^1.0.0"
            }
        },
        "packages/ar-provider-webxr/node_modules/prettier": {
            "version": "2.8.8",
            "dev": true,
            "license": "MIT",
            "bin": {
                "prettier": "bin-prettier.js"
            },
            "engines": {
                "node": ">=10.13.0"
            },
            "funding": {
                "url": "https://github.com/prettier/prettier?sponsor=1"
            }
        },
        "packages/ar-provider-zappar": {
            "name": "@wonderlandengine/ar-provider-zappar",
            "version": "1.0.1",
            "dependencies": {
                "@zappar/zappar": "^2.2.7",
                "gl-matrix": "^3.4.3"
            },
            "devDependencies": {
                "prettier": "^2.8.4",
                "typescript": "^4.9.5"
            },
            "peerDependencies": {
                "@wonderlandengine/api": "^1.0.0",
                "@wonderlandengine/ar-tracking": "^1.0.0",
                "@wonderlandengine/components": "^1.0.0"
            }
        },
        "packages/ar-provider-zappar/node_modules/prettier": {
            "version": "2.8.8",
            "resolved": "https://registry.npmjs.org/prettier/-/prettier-2.8.8.tgz",
            "integrity": "sha512-tdN8qQGvNjw4CHbY+XXk0JgCXn9QiF21a55rBe5LJAU+kDyC4WQn4+awm2Xfk2lQMk5fKup9XgzTZtGkjBdP9Q==",
            "dev": true,
            "license": "MIT",
            "bin": {
                "prettier": "bin-prettier.js"
            },
            "engines": {
                "node": ">=10.13.0"
            },
            "funding": {
                "url": "https://github.com/prettier/prettier?sponsor=1"
            }
        },
        "packages/ar-tracking": {
            "name": "@wonderlandengine/ar-tracking",
            "version": "1.0.1",
            "dependencies": {
                "gl-matrix": "^3.4.3"
            },
            "devDependencies": {
                "prettier": "^2.8.4",
                "typescript": "^4.9.5"
            },
            "peerDependencies": {
                "@wonderlandengine/api": "^1.0.0",
                "@wonderlandengine/components": "^1.0.0"
            }
        },
        "packages/ar-tracking/node_modules/prettier": {
            "version": "2.8.8",
            "dev": true,
            "license": "MIT",
            "bin": {
                "prettier": "bin-prettier.js"
            },
            "engines": {
                "node": ">=10.13.0"
            },
            "funding": {
                "url": "https://github.com/prettier/prettier?sponsor=1"
            }
        }
    }
}
