{
  "name": "@wonderlandengine/8thwall-tracking",
  "version": "1.0.0",
  "lockfileVersion": 2,
  "requires": true,
  "packages": {
    "": {
      "name": "@wonderlandengine/8thwall-tracking",
      "version": "1.0.0",
      "dependencies": {
        "@wonderlandengine/api": "^0.9.8",
        "@wonderlandengine/components": "^0.9.2",
        "gl-matrix": "^3.4.3",
        "qrcode-svg": "^1.1.0"
      },
      "devDependencies": {
        "@types/qrcode-svg": "^1.1.1",
        "typescript": "^4.9.5"
      }
    },
    "node_modules/@types/qrcode-svg": {
      "version": "1.1.1",
      "resolved": "https://registry.npmjs.org/@types/qrcode-svg/-/qrcode-svg-1.1.1.tgz",
      "integrity": "sha512-uTuEgFXMknpun//Jj6b1R8T8LiMi9fNpH+cnhZr4b7col2HHTMmjYfm/WOZ7nzjuGpk+oTrpHhePe1qlWtHWTA==",
      "dev": true
    },
    "node_modules/@types/webxr": {
      "version": "0.5.1",
      "resolved": "https://registry.npmjs.org/@types/webxr/-/webxr-0.5.1.tgz",
      "integrity": "sha512-xlFXPfgJR5vIuDefhaHuUM9uUgvPaXB6GKdXy2gdEh8gBWQZ2ul24AJz3foUd8NNKlSTQuWYJpCb1/pL81m1KQ=="
    },
    "node_modules/@wonderlandengine/api": {
      "version": "0.9.8",
      "resolved": "https://registry.npmjs.org/@wonderlandengine/api/-/api-0.9.8.tgz",
      "integrity": "sha512-29BwD44c7ZyNitH76VVOtBdVq7P0wIBIpgSMNSeqL29qetv3mu7eiWVPaFSZZRxhxTayXrVOj/kuUg6mMzI/BA==",
      "dependencies": {
        "@types/webxr": "^0.5.0",
        "wasm-feature-detect": "^1.3.0"
      }
    },
    "node_modules/@wonderlandengine/components": {
      "version": "0.9.2",
      "resolved": "https://registry.npmjs.org/@wonderlandengine/components/-/components-0.9.2.tgz",
      "integrity": "sha512-MEG1eS8iMj8iY9c03qXiIRPfuI1XMGsSFOqVW9q/VjwAhcABKFotzpJpmOFHvns0YGVO621o8uAvqgsmGQ6lpQ==",
      "dependencies": {
        "gl-matrix": "^3.3.0",
        "howler": "^2.2.1"
      }
    },
    "node_modules/gl-matrix": {
      "version": "3.4.3",
      "resolved": "https://registry.npmjs.org/gl-matrix/-/gl-matrix-3.4.3.tgz",
      "integrity": "sha512-wcCp8vu8FT22BnvKVPjXa/ICBWRq/zjFfdofZy1WSpQZpphblv12/bOQLBC1rMM7SGOFS9ltVmKOHil5+Ml7gA=="
    },
    "node_modules/howler": {
      "version": "2.2.3",
      "resolved": "https://registry.npmjs.org/howler/-/howler-2.2.3.tgz",
      "integrity": "sha512-QM0FFkw0LRX1PR8pNzJVAY25JhIWvbKMBFM4gqk+QdV+kPXOhleWGCB6AiAF/goGjIHK2e/nIElplvjQwhr0jg=="
    },
    "node_modules/qrcode-svg": {
      "version": "1.1.0",
      "resolved": "https://registry.npmjs.org/qrcode-svg/-/qrcode-svg-1.1.0.tgz",
      "integrity": "sha512-XyQCIXux1zEIA3NPb0AeR8UMYvXZzWEhgdBgBjH9gO7M48H9uoHzviNz8pXw3UzrAcxRRRn9gxHewAVK7bn9qw==",
      "bin": {
        "qrcode-svg": "bin/qrcode-svg.js"
      }
    },
    "node_modules/typescript": {
      "version": "4.9.5",
      "resolved": "https://registry.npmjs.org/typescript/-/typescript-4.9.5.tgz",
      "integrity": "sha512-1FXk9E2Hm+QzZQ7z+McJiHL4NW1F2EzMu9Nq9i3zAaGqibafqYwCVU6WyWAuyQRRzOlxou8xZSyXLEN8oKj24g==",
      "dev": true,
      "bin": {
        "tsc": "bin/tsc",
        "tsserver": "bin/tsserver"
      },
      "engines": {
        "node": ">=4.2.0"
      }
    },
    "node_modules/wasm-feature-detect": {
      "version": "1.5.1",
      "resolved": "https://registry.npmjs.org/wasm-feature-detect/-/wasm-feature-detect-1.5.1.tgz",
      "integrity": "sha512-GHr23qmuehNXHY4902/hJ6EV5sUANIJC3R/yMfQ7hWDg3nfhlcJfnIL96R2ohpIwa62araN6aN4bLzzzq5GXkg=="
    }
  },
  "dependencies": {
    "@types/qrcode-svg": {
      "version": "1.1.1",
      "resolved": "https://registry.npmjs.org/@types/qrcode-svg/-/qrcode-svg-1.1.1.tgz",
      "integrity": "sha512-uTuEgFXMknpun//Jj6b1R8T8LiMi9fNpH+cnhZr4b7col2HHTMmjYfm/WOZ7nzjuGpk+oTrpHhePe1qlWtHWTA==",
      "dev": true
    },
    "@types/webxr": {
      "version": "0.5.1",
      "resolved": "https://registry.npmjs.org/@types/webxr/-/webxr-0.5.1.tgz",
      "integrity": "sha512-xlFXPfgJR5vIuDefhaHuUM9uUgvPaXB6GKdXy2gdEh8gBWQZ2ul24AJz3foUd8NNKlSTQuWYJpCb1/pL81m1KQ=="
    },
    "@wonderlandengine/api": {
      "version": "0.9.8",
      "resolved": "https://registry.npmjs.org/@wonderlandengine/api/-/api-0.9.8.tgz",
      "integrity": "sha512-29BwD44c7ZyNitH76VVOtBdVq7P0wIBIpgSMNSeqL29qetv3mu7eiWVPaFSZZRxhxTayXrVOj/kuUg6mMzI/BA==",
      "requires": {
        "@types/webxr": "^0.5.0",
        "wasm-feature-detect": "^1.3.0"
      }
    },
    "@wonderlandengine/components": {
      "version": "0.9.2",
      "resolved": "https://registry.npmjs.org/@wonderlandengine/components/-/components-0.9.2.tgz",
      "integrity": "sha512-MEG1eS8iMj8iY9c03qXiIRPfuI1XMGsSFOqVW9q/VjwAhcABKFotzpJpmOFHvns0YGVO621o8uAvqgsmGQ6lpQ==",
      "requires": {
        "gl-matrix": "^3.3.0",
        "howler": "^2.2.1"
      }
    },
    "gl-matrix": {
      "version": "3.4.3",
      "resolved": "https://registry.npmjs.org/gl-matrix/-/gl-matrix-3.4.3.tgz",
      "integrity": "sha512-wcCp8vu8FT22BnvKVPjXa/ICBWRq/zjFfdofZy1WSpQZpphblv12/bOQLBC1rMM7SGOFS9ltVmKOHil5+Ml7gA=="
    },
    "howler": {
      "version": "2.2.3",
      "resolved": "https://registry.npmjs.org/howler/-/howler-2.2.3.tgz",
      "integrity": "sha512-QM0FFkw0LRX1PR8pNzJVAY25JhIWvbKMBFM4gqk+QdV+kPXOhleWGCB6AiAF/goGjIHK2e/nIElplvjQwhr0jg=="
    },
    "qrcode-svg": {
      "version": "1.1.0",
      "resolved": "https://registry.npmjs.org/qrcode-svg/-/qrcode-svg-1.1.0.tgz",
      "integrity": "sha512-XyQCIXux1zEIA3NPb0AeR8UMYvXZzWEhgdBgBjH9gO7M48H9uoHzviNz8pXw3UzrAcxRRRn9gxHewAVK7bn9qw=="
    },
    "typescript": {
      "version": "4.9.5",
      "resolved": "https://registry.npmjs.org/typescript/-/typescript-4.9.5.tgz",
      "integrity": "sha512-1FXk9E2Hm+QzZQ7z+McJiHL4NW1F2EzMu9Nq9i3zAaGqibafqYwCVU6WyWAuyQRRzOlxou8xZSyXLEN8oKj24g==",
      "dev": true
    },
    "wasm-feature-detect": {
      "version": "1.5.1",
      "resolved": "https://registry.npmjs.org/wasm-feature-detect/-/wasm-feature-detect-1.5.1.tgz",
      "integrity": "sha512-GHr23qmuehNXHY4902/hJ6EV5sUANIJC3R/yMfQ7hWDg3nfhlcJfnIL96R2ohpIwa62araN6aN4bLzzzq5GXkg=="
    }
  }
}
