{
  "name": "absolute-scale-example.wlp",
  "version": "1.0.0",
  "lockfileVersion": 2,
  "requires": true,
  "packages": {
    "": {
      "name": "absolute-scale-example.wlp",
      "version": "1.0.0",
      "dependencies": {
        "@wonderlandengine/8thwall-tracking": "file:../..",
        "@wonderlandengine/api": "^1.0.0-rc.3",
        "gl-matrix": "^3.4.3",
        "typescript": "^4.9.5"
      }
    },
    "../..": {
      "name": "@wonderlandengine/8thwall-tracking",
      "version": "1.0.0",
      "dependencies": {
        "@wonderlandengine/api": "^1.0.0-rc.3",
        "gl-matrix": "^3.4.3",
        "qrcode-svg": "^1.1.0"
      },
      "devDependencies": {
        "@types/qrcode-svg": "^1.1.1",
        "prettier": "^2.8.4",
        "typescript": "^4.9.5"
      }
    },
    "node_modules/@types/webxr": {
      "version": "0.5.1",
      "license": "MIT"
    },
    "node_modules/@wonderlandengine/8thwall-tracking": {
      "resolved": "../..",
      "link": true
    },
    "node_modules/@wonderlandengine/api": {
      "version": "1.0.0-rc.3",
      "resolved": "https://registry.npmjs.org/@wonderlandengine/api/-/api-1.0.0-rc.3.tgz",
      "integrity": "sha512-keJiI9lPzCuO5mRPFeMdPQt+tnpKzVdaLJJChAjLZzEcz2S/k5xbJTy8Z6c0uJuzkOTaKmwvMIsetuuQUcinGg==",
      "dependencies": {
        "@types/webxr": "^0.5.0",
        "wasm-feature-detect": "^1.3.0"
      }
    },
    "node_modules/gl-matrix": {
      "version": "3.4.3",
      "license": "MIT"
    },
    "node_modules/typescript": {
      "version": "4.9.5",
      "resolved": "https://registry.npmjs.org/typescript/-/typescript-4.9.5.tgz",
      "integrity": "sha512-1FXk9E2Hm+QzZQ7z+McJiHL4NW1F2EzMu9Nq9i3zAaGqibafqYwCVU6WyWAuyQRRzOlxou8xZSyXLEN8oKj24g==",
      "bin": {
        "tsc": "bin/tsc",
        "tsserver": "bin/tsserver"
      },
      "engines": {
        "node": ">=4.2.0"
      }
    },
    "node_modules/wasm-feature-detect": {
      "version": "1.5.1",
      "license": "Apache-2.0"
    }
  },
  "dependencies": {
    "@types/webxr": {
      "version": "0.5.1"
    },
    "@wonderlandengine/8thwall-tracking": {
      "version": "file:../..",
      "requires": {
        "@types/qrcode-svg": "^1.1.1",
        "@wonderlandengine/api": "^1.0.0-rc.3",
        "gl-matrix": "^3.4.3",
        "prettier": "^2.8.4",
        "qrcode-svg": "^1.1.0",
        "typescript": "^4.9.5"
      }
    },
    "@wonderlandengine/api": {
      "version": "1.0.0-rc.3",
      "resolved": "https://registry.npmjs.org/@wonderlandengine/api/-/api-1.0.0-rc.3.tgz",
      "integrity": "sha512-keJiI9lPzCuO5mRPFeMdPQt+tnpKzVdaLJJChAjLZzEcz2S/k5xbJTy8Z6c0uJuzkOTaKmwvMIsetuuQUcinGg==",
      "requires": {
        "@types/webxr": "^0.5.0",
        "wasm-feature-detect": "^1.3.0"
      }
    },
    "gl-matrix": {
      "version": "3.4.3"
    },
    "typescript": {
      "version": "4.9.5",
      "resolved": "https://registry.npmjs.org/typescript/-/typescript-4.9.5.tgz",
      "integrity": "sha512-1FXk9E2Hm+QzZQ7z+McJiHL4NW1F2EzMu9Nq9i3zAaGqibafqYwCVU6WyWAuyQRRzOlxou8xZSyXLEN8oKj24g=="
    },
    "wasm-feature-detect": {
      "version": "1.5.1"
    }
  }
}
